
Microsoft Visual Studio Solution File, Format Version 12.00
# Visual Studio Version 17
VisualStudioVersion = 17.10.34928.147
MinimumVisualStudioVersion = 10.0.40219.1
Project("{9A19103F-16F7-4668-BE54-9A1E7A4F7556}") = "MilkNest.Server", "MilkNest.Server\MilkNest.Server.csproj", "{B50932B7-F591-43C4-9403-356A5E5A1BB0}"
EndProject
Project("{54A90642-561A-4BB1-A94E-469ADEE60C69}") = "milknest.client", "milknest.client\milknest.client.esproj", "{D0293A6F-6C1C-454C-87E7-AE21EE0D662E}"
EndProject
Project("{2150E333-8FDC-42A3-9474-1A3956D46DE8}") = "Tests", "Tests", "{14F5344D-8314-42B7-ABEF-BFA23A1AC416}"
EndProject
Project("{2150E333-8FDC-42A3-9474-1A3956D46DE8}") = "Client", "Client", "{8056A056-173B-4C48-9297-1362D0E09A79}"
EndProject
Project("{2150E333-8FDC-42A3-9474-1A3956D46DE8}") = "Core", "Core", "{BD826D65-E986-4BBB-9421-79194F6661A2}"
EndProject
Project("{2150E333-8FDC-42A3-9474-1A3956D46DE8}") = "Presentation", "Presentation", "{B8FADA20-FBB6-4DF0-87E4-359E2FC2E561}"
EndProject
Project("{2150E333-8FDC-42A3-9474-1A3956D46DE8}") = "Infrastructure", "Infrastructure", "{7853EE87-E0D3-4BA6-B801-70322AD0B0C7}"
EndProject
Project("{9A19103F-16F7-4668-BE54-9A1E7A4F7556}") = "MilkNest.Domain", "MilkNest.Domain\MilkNest.Domain.csproj", "{32FF5333-D3EA-4D8C-AE2C-7F3D71216F28}"
EndProject
Project("{9A19103F-16F7-4668-BE54-9A1E7A4F7556}") = "MilkNest.Application", "MilkNest.Application\MilkNest.Application.csproj", "{0DDC5263-22B0-46D7-89E4-2FE6A588CDE1}"
EndProject
Project("{9A19103F-16F7-4668-BE54-9A1E7A4F7556}") = "MilkNest.Persistence", "MilkNest.Persistence\MilkNest.Persistence.csproj", "{CBDFB011-D811-4972-B789-FF3273CDE75F}"
EndProject
Global
	GlobalSection(SolutionConfigurationPlatforms) = preSolution
		Debug|Any CPU = Debug|Any CPU
		Release|Any CPU = Release|Any CPU
	EndGlobalSection
	GlobalSection(ProjectConfigurationPlatforms) = postSolution
		{B50932B7-F591-43C4-9403-356A5E5A1BB0}.Debug|Any CPU.ActiveCfg = Debug|Any CPU
		{B50932B7-F591-43C4-9403-356A5E5A1BB0}.Debug|Any CPU.Build.0 = Debug|Any CPU
		{B50932B7-F591-43C4-9403-356A5E5A1BB0}.Release|Any CPU.ActiveCfg = Release|Any CPU
		{B50932B7-F591-43C4-9403-356A5E5A1BB0}.Release|Any CPU.Build.0 = Release|Any CPU
		{D0293A6F-6C1C-454C-87E7-AE21EE0D662E}.Debug|Any CPU.ActiveCfg = Debug|Any CPU
		{D0293A6F-6C1C-454C-87E7-AE21EE0D662E}.Debug|Any CPU.Build.0 = Debug|Any CPU
		{D0293A6F-6C1C-454C-87E7-AE21EE0D662E}.Debug|Any CPU.Deploy.0 = Debug|Any CPU
		{D0293A6F-6C1C-454C-87E7-AE21EE0D662E}.Release|Any CPU.ActiveCfg = Release|Any CPU
		{D0293A6F-6C1C-454C-87E7-AE21EE0D662E}.Release|Any CPU.Build.0 = Release|Any CPU
		{D0293A6F-6C1C-454C-87E7-AE21EE0D662E}.Release|Any CPU.Deploy.0 = Release|Any CPU
		{32FF5333-D3EA-4D8C-AE2C-7F3D71216F28}.Debug|Any CPU.ActiveCfg = Debug|Any CPU
		{32FF5333-D3EA-4D8C-AE2C-7F3D71216F28}.Debug|Any CPU.Build.0 = Debug|Any CPU
		{32FF5333-D3EA-4D8C-AE2C-7F3D71216F28}.Release|Any CPU.ActiveCfg = Release|Any CPU
		{32FF5333-D3EA-4D8C-AE2C-7F3D71216F28}.Release|Any CPU.Build.0 = Release|Any CPU
		{0DDC5263-22B0-46D7-89E4-2FE6A588CDE1}.Debug|Any CPU.ActiveCfg = Debug|Any CPU
		{0DDC5263-22B0-46D7-89E4-2FE6A588CDE1}.Debug|Any CPU.Build.0 = Debug|Any CPU
		{0DDC5263-22B0-46D7-89E4-2FE6A588CDE1}.Release|Any CPU.ActiveCfg = Release|Any CPU
		{0DDC5263-22B0-46D7-89E4-2FE6A588CDE1}.Release|Any CPU.Build.0 = Release|Any CPU
		{CBDFB011-D811-4972-B789-FF3273CDE75F}.Debug|Any CPU.ActiveCfg = Debug|Any CPU
		{CBDFB011-D811-4972-B789-FF3273CDE75F}.Debug|Any CPU.Build.0 = Debug|Any CPU
		{CBDFB011-D811-4972-B789-FF3273CDE75F}.Release|Any CPU.ActiveCfg = Release|Any CPU
		{CBDFB011-D811-4972-B789-FF3273CDE75F}.Release|Any CPU.Build.0 = Release|Any CPU
	EndGlobalSection
	GlobalSection(SolutionProperties) = preSolution
		HideSolutionNode = FALSE
	EndGlobalSection
	GlobalSection(NestedProjects) = preSolution
		{B50932B7-F591-43C4-9403-356A5E5A1BB0} = {B8FADA20-FBB6-4DF0-87E4-359E2FC2E561}
		{D0293A6F-6C1C-454C-87E7-AE21EE0D662E} = {8056A056-173B-4C48-9297-1362D0E09A79}
		{32FF5333-D3EA-4D8C-AE2C-7F3D71216F28} = {BD826D65-E986-4BBB-9421-79194F6661A2}
		{0DDC5263-22B0-46D7-89E4-2FE6A588CDE1} = {BD826D65-E986-4BBB-9421-79194F6661A2}
		{CBDFB011-D811-4972-B789-FF3273CDE75F} = {7853EE87-E0D3-4BA6-B801-70322AD0B0C7}
	EndGlobalSection
	GlobalSection(ExtensibilityGlobals) = postSolution
		SolutionGuid = {6F7F3343-C05E-469C-9292-3488ABA3287D}
	EndGlobalSection
EndGlobal
